PODS:
  - Flutter (1.0.0)
  - integration_test (0.0.1):
    - Flutter
  - live_island (0.0.1):
    - Flutter

DEPENDENCIES:
  - Flutter (from `Flutter`)
  - integration_test (from `.symlinks/plugins/integration_test/ios`)
  - live_island (from `.symlinks/plugins/live_island/ios`)

EXTERNAL SOURCES:
  Flutter:
    :path: Flutter
  integration_test:
    :path: ".symlinks/plugins/integration_test/ios"
  live_island:
    :path: ".symlinks/plugins/live_island/ios"

SPEC CHECKSUMS:
  Flutter: e0871f40cf51350855a761d2e70bf5af5b9b5de7
  integration_test: 252f60fa39af5e17c3aa9899d35d908a0721b573
  live_island: 46e2e108c63d39b6e272a352899755ce40dbf156

PODFILE CHECKSUM: a541f804b5e4a4a91f1da645ca67edc95e1bc9c9

COCOAPODS: 1.16.2
